{
  "name": "@sharry.co/zod-storage",
  "version": "0.0.1",
  "lockfileVersion": 3,
  "requires": true,
  "packages": {
    "": {
      "name": "@sharry.co/zod-storage",
      "version": "0.0.1",
      "dependencies": {
        "tslib": "^2.3.0",
        "zod": "^3.22.4"
      },
      "devDependencies": {
        "jest-localstorage-mock": "^2.4.26"
      }
    },
    "node_modules/jest-localstorage-mock": {
      "version": "2.4.26",
      "resolved": "https://registry.npmjs.org/jest-localstorage-mock/-/jest-localstorage-mock-2.4.26.tgz",
      "integrity": "sha512-owAJrYnjulVlMIXOYQIPRCCn3MmqI3GzgfZCXdD3/pmwrIvFMXcKVWZ+aMc44IzaASapg0Z4SEFxR+v5qxDA2w==",
      "dev": true,
      "engines": {
        "node": ">=6.16.0"
      }
    },
    "node_modules/tslib": {
      "version": "2.6.2",
      "resolved": "https://registry.npmjs.org/tslib/-/tslib-2.6.2.tgz",
      "integrity": "sha512-AEYxH93jGFPn/a2iVAwW87VuUIkR1FVUKB77NwMF7nBTDkDrrT/Hpt/IrCJ0QXhW27jTBDcf5ZY7w6RiqTMw2Q=="
    },
    "node_modules/zod": {
      "version": "3.22.4",
      "resolved": "https://registry.npmjs.org/zod/-/zod-3.22.4.tgz",
      "integrity": "sha512-iC+8Io04lddc+mVqQ9AZ7OQ2MrUKGN+oIQyq1vemgt46jwCwLfhq7/pwnBnNXXXZb8VTVLKwp9EDkx+ryxIWmg==",
      "funding": {
        "url": "https://github.com/sponsors/colinhacks"
      }
    }
  }
}
