lockfileVersion: '6.0'

settings:
  autoInstallPeers: true
  excludeLinksFromLockfile: false

dependencies:
  tslib:
    specifier: ^2.3.0
    version: 2.6.2
  zod:
    specifier: ^3.22.4
    version: 3.22.4

devDependencies:
  jest-localstorage-mock:
    specifier: ^2.4.26
    version: 2.4.26

packages:

  /jest-localstorage-mock@2.4.26:
    resolution: {integrity: sha512-owAJrYnjulVlMIXOYQIPRCCn3MmqI3GzgfZCXdD3/pmwrIvFMXcKVWZ+aMc44IzaASapg0Z4SEFxR+v5qxDA2w==}
    engines: {node: '>=6.16.0'}
    dev: true

  /tslib@2.6.2:
    resolution: {integrity: sha512-AEYxH93jGFPn/a2iVAwW87VuUIkR1FVUKB77NwMF7nBTDkDrrT/Hpt/IrCJ0QXhW27jTBDcf5ZY7w6RiqTMw2Q==}
    dev: false

  /zod@3.22.4:
    resolution: {integrity: sha512-iC+8Io04lddc+mVqQ9AZ7OQ2MrUKGN+oIQyq1vemgt46jwCwLfhq7/pwnBnNXXXZb8VTVLKwp9EDkx+ryxIWmg==}
    dev: false
